{
  "name": "CaptioMirror",
  "lockfileVersion": 3,
  "requires": true,
  "packages": {
    "": {
      "dependencies": {
        "chrono-node": "^2.7.7"
      }
    },
    "node_modules/chrono-node": {
      "version": "2.7.7",
      "resolved": "https://registry.npmjs.org/chrono-node/-/chrono-node-2.7.7.tgz",
      "integrity": "sha512-p3S7gotuTPu5oqhRL2p1fLwQXGgdQaRTtWR3e8Di9P1Pa9mzkK5DWR5AWBieMUh2ZdOnPgrK+zCrbbtyuA+D/Q==",
      "license": "MIT",
      "dependencies": {
        "dayjs": "^1.10.0"
      },
      "engines": {
        "node": "^12.20.0 || ^14.13.1 || >=16.0.0"
      }
    },
    "node_modules/dayjs": {
      "version": "1.11.13",
      "resolved": "https://registry.npmjs.org/dayjs/-/dayjs-1.11.13.tgz",
      "integrity": "sha512-oaMBel6gjolK862uaPQOVTA7q3TZhuSvuMQAAglQDOWYO9A91IrAOUJEyKVlqJlHE0vq5p5UXxzdPfMH/x6xNg==",
      "license": "MIT"
    }
  }
}
